
Microsoft Visual Studio Solution File, Format Version 12.00
# Visual Studio Version 16
VisualStudioVersion = 16.0.30413.136
MinimumVisualStudioVersion = 10.0.40219.1
Project("{9A19103F-16F7-4668-BE54-9A1E7A4F7556}") = "Chat.Server", "Chat.Server\Chat.Server.csproj", "{A2D48846-C377-4CE3-B81D-D5CC52A8BED2}"
	ProjectSection(ProjectDependencies) = postProject
		{B5777ECB-BF73-4D38-AE18-B5BE903A45F1} = {B5777ECB-BF73-4D38-AE18-B5BE903A45F1}
	EndProjectSection
EndProject
Project("{9A19103F-16F7-4668-BE54-9A1E7A4F7556}") = "Chat.Client", "Chat.Client\Chat.Client.csproj", "{B5777ECB-BF73-4D38-AE18-B5BE903A45F1}"
EndProject
Global
	GlobalSection(SolutionConfigurationPlatforms) = preSolution
		Debug|Any CPU = Debug|Any CPU
		Release|Any CPU = Release|Any CPU
	EndGlobalSection
	GlobalSection(ProjectConfigurationPlatforms) = postSolution
		{A2D48846-C377-4CE3-B81D-D5CC52A8BED2}.Debug|Any CPU.ActiveCfg = Debug|Any CPU
		{A2D48846-C377-4CE3-B81D-D5CC52A8BED2}.Debug|Any CPU.Build.0 = Debug|Any CPU
		{A2D48846-C377-4CE3-B81D-D5CC52A8BED2}.Release|Any CPU.ActiveCfg = Release|Any CPU
		{A2D48846-C377-4CE3-B81D-D5CC52A8BED2}.Release|Any CPU.Build.0 = Release|Any CPU
		{B5777ECB-BF73-4D38-AE18-B5BE903A45F1}.Debug|Any CPU.ActiveCfg = Debug|Any CPU
		{B5777ECB-BF73-4D38-AE18-B5BE903A45F1}.Debug|Any CPU.Build.0 = Debug|Any CPU
		{B5777ECB-BF73-4D38-AE18-B5BE903A45F1}.Release|Any CPU.ActiveCfg = Release|Any CPU
		{B5777ECB-BF73-4D38-AE18-B5BE903A45F1}.Release|Any CPU.Build.0 = Release|Any CPU
	EndGlobalSection
	GlobalSection(SolutionProperties) = preSolution
		HideSolutionNode = FALSE
	EndGlobalSection
	GlobalSection(ExtensibilityGlobals) = postSolution
		SolutionGuid = {566D4D81-B054-41E2-9086-ECD624C5440B}
	EndGlobalSection
EndGlobal
